// !$*UTF8*$!
{
	archiveVersion = 1;
	classes = {
	};
	objectVersion = 46;
	objects = {

/* Begin PBXBuildFile section */
		F871AFD11A3F8A3800B6475A /* main.m in Sources */ = {isa = PBXBuildFile; fileRef = F871AFD01A3F8A3800B6475A /* main.m */; };
		F871AFD41A3F8A3800B6475A /* AppDelegate.m in Sources */ = {isa = PBXBuildFile; fileRef = F871AFD31A3F8A3800B6475A /* AppDelegate.m */; };
		F871AFF61A3F8A7800B6475A /* JSPrefsManager.m in Sources */ = {isa = PBXBuildFile; fileRef = F871AFF51A3F8A7800B6475A /* JSPrefsManager.m */; };
		F871AFF91A3F8ADF00B6475A /* JSSnoozeTimeViewController.m in Sources */ = {isa = PBXBuildFile; fileRef = F871AFF81A3F8ADF00B6475A /* JSSnoozeTimeViewController.m */; };
/* End PBXBuildFile section */

/* Begin PBXFileReference section */
		F871AFCB1A3F8A3800B6475A /* Sleeper.app */ = {isa = PBXFileReference; explicitFileType = wrapper.application; includeInIndex = 0; path = Sleeper.app; sourceTree = BUILT_PRODUCTS_DIR; };
		F871AFCF1A3F8A3800B6475A /* Info.plist */ = {isa = PBXFileReference; lastKnownFileType = text.plist.xml; path = Info.plist; sourceTree = "<group>"; };
		F871AFD01A3F8A3800B6475A /* main.m */ = {isa = PBXFileReference; lastKnownFileType = sourcecode.c.objc; path = main.m; sourceTree = "<group>"; };
		F871AFD21A3F8A3800B6475A /* AppDelegate.h */ = {isa = PBXFileReference; lastKnownFileType = sourcecode.c.h; path = AppDelegate.h; sourceTree = "<group>"; };
		F871AFD31A3F8A3800B6475A /* AppDelegate.m */ = {isa = PBXFileReference; lastKnownFileType = sourcecode.c.objc; path = AppDelegate.m; sourceTree = "<group>"; };
		F871AFF41A3F8A7800B6475A /* JSPrefsManager.h */ = {isa = PBXFileReference; fileEncoding = 4; lastKnownFileType = sourcecode.c.h; path = JSPrefsManager.h; sourceTree = "<group>"; };
		F871AFF51A3F8A7800B6475A /* JSPrefsManager.m */ = {isa = PBXFileReference; fileEncoding = 4; lastKnownFileType = sourcecode.c.objc; path = JSPrefsManager.m; sourceTree = "<group>"; };
		F871AFF71A3F8ADF00B6475A /* JSSnoozeTimeViewController.h */ = {isa = PBXFileReference; fileEncoding = 4; lastKnownFileType = sourcecode.c.h; path = JSSnoozeTimeViewController.h; sourceTree = "<group>"; };
		F871AFF81A3F8ADF00B6475A /* JSSnoozeTimeViewController.m */ = {isa = PBXFileReference; fileEncoding = 4; lastKnownFileType = sourcecode.c.objc; path = JSSnoozeTimeViewController.m; sourceTree = "<group>"; };
/* End PBXFileReference section */

/* Begin PBXFrameworksBuildPhase section */
		F871AFC81A3F8A3800B6475A /* Frameworks */ = {
			isa = PBXFrameworksBuildPhase;
			buildActionMask = 2147483647;
			files = (
			);
			runOnlyForDeploymentPostprocessing = 0;
		};
/* End PBXFrameworksBuildPhase section */

/* Begin PBXGroup section */
		F871AFC21A3F8A3800B6475A = {
			isa = PBXGroup;
			children = (
				F871AFCD1A3F8A3800B6475A /* Sleeper */,
				F871AFCC1A3F8A3800B6475A /* Products */,
			);
			sourceTree = "<group>";
		};
		F871AFCC1A3F8A3800B6475A /* Products */ = {
			isa = PBXGroup;
			children = (
				F871AFCB1A3F8A3800B6475A /* Sleeper.app */,
			);
			name = Products;
			sourceTree = "<group>";
		};
		F871AFCD1A3F8A3800B6475A /* Sleeper */ = {
			isa = PBXGroup;
			children = (
				F871AFD21A3F8A3800B6475A /* AppDelegate.h */,
				F871AFD31A3F8A3800B6475A /* AppDelegate.m */,
				F871AFF41A3F8A7800B6475A /* JSPrefsManager.h */,
				F871AFF51A3F8A7800B6475A /* JSPrefsManager.m */,
				F871AFF71A3F8ADF00B6475A /* JSSnoozeTimeViewController.h */,
				F871AFF81A3F8ADF00B6475A /* JSSnoozeTimeViewController.m */,
				F871AFCE1A3F8A3800B6475A /* Supporting Files */,
			);
			path = Sleeper;
			sourceTree = "<group>";
		};
		F871AFCE1A3F8A3800B6475A /* Supporting Files */ = {
			isa = PBXGroup;
			children = (
				F871AFCF1A3F8A3800B6475A /* Info.plist */,
				F871AFD01A3F8A3800B6475A /* main.m */,
			);
			name = "Supporting Files";
			sourceTree = "<group>";
		};
/* End PBXGroup section */

/* Begin PBXNativeTarget section */
		F871AFCA1A3F8A3800B6475A /* Sleeper */ = {
			isa = PBXNativeTarget;
			buildConfigurationList = F871AFEE1A3F8A3800B6475A /* Build configuration list for PBXNativeTarget "Sleeper" */;
			buildPhases = (
				F871AFC71A3F8A3800B6475A /* Sources */,
				F871AFC81A3F8A3800B6475A /* Frameworks */,
				F871AFC91A3F8A3800B6475A /* Resources */,
			);
			buildRules = (
			);
			dependencies = (
			);
			name = Sleeper;
			productName = Sleeper;
			productReference = F871AFCB1A3F8A3800B6475A /* Sleeper.app */;
			productType = "com.apple.product-type.application";
		};
/* End PBXNativeTarget section */

/* Begin PBXProject section */
		F871AFC31A3F8A3800B6475A /* Project object */ = {
			isa = PBXProject;
			attributes = {
				LastUpgradeCheck = 0610;
				ORGANIZATIONNAME = "Joshua Seltzer";
				TargetAttributes = {
					F871AFCA1A3F8A3800B6475A = {
						CreatedOnToolsVersion = 6.1.1;
					};
				};
			};
			buildConfigurationList = F871AFC61A3F8A3800B6475A /* Build configuration list for PBXProject "Sleeper" */;
			compatibilityVersion = "Xcode 3.2";
			developmentRegion = English;
			hasScannedForEncodings = 0;
			knownRegions = (
				en,
				Base,
			);
			mainGroup = F871AFC21A3F8A3800B6475A;
			productRefGroup = F871AFCC1A3F8A3800B6475A /* Products */;
			projectDirPath = "";
			projectRoot = "";
			targets = (
				F871AFCA1A3F8A3800B6475A /* Sleeper */,
			);
		};
/* End PBXProject section */

/* Begin PBXResourcesBuildPhase section */
		F871AFC91A3F8A3800B6475A /* Resources */ = {
			isa = PBXResourcesBuildPhase;
			buildActionMask = 2147483647;
			files = (
			);
			runOnlyForDeploymentPostprocessing = 0;
		};
/* End PBXResourcesBuildPhase section */

/* Begin PBXSourcesBuildPhase section */
		F871AFC71A3F8A3800B6475A /* Sources */ = {
			isa = PBXSourcesBuildPhase;
			buildActionMask = 2147483647;
			files = (
				F871AFF91A3F8ADF00B6475A /* JSSnoozeTimeViewController.m in Sources */,
				F871AFD41A3F8A3800B6475A /* AppDelegate.m in Sources */,
				F871AFD11A3F8A3800B6475A /* main.m in Sources */,
				F871AFF61A3F8A7800B6475A /* JSPrefsManager.m in Sources */,
			);
			runOnlyForDeploymentPostprocessing = 0;
		};
/* End PBXSourcesBuildPhase section */

/* Begin XCBuildConfiguration section */
		F871AFEC1A3F8A3800B6475A /* Debug */ = {
			isa = XCBuildConfiguration;
			buildSettings = {
				ALWAYS_SEARCH_USER_PATHS = NO;
				CLANG_CXX_LANGUAGE_STANDARD = "gnu++0x";
				CLANG_CXX_LIBRARY = "libc++";
				CLANG_ENABLE_MODULES = YES;
				CLANG_ENABLE_OBJC_ARC = YES;
				CLANG_WARN_BOOL_CONVERSION = YES;
				CLANG_WARN_CONSTANT_CONVERSION = YES;
				CLANG_WARN_DIRECT_OBJC_ISA_USAGE = YES_ERROR;
				CLANG_WARN_EMPTY_BODY = YES;
				CLANG_WARN_ENUM_CONVERSION = YES;
				CLANG_WARN_INT_CONVERSION = YES;
				CLANG_WARN_OBJC_ROOT_CLASS = YES_ERROR;
				CLANG_WARN_UNREACHABLE_CODE = YES;
				CLANG_WARN__DUPLICATE_METHOD_MATCH = YES;
				"CODE_SIGN_IDENTITY[sdk=iphoneos*]" = "iPhone Developer";
				COPY_PHASE_STRIP = NO;
				ENABLE_STRICT_OBJC_MSGSEND = YES;
				GCC_C_LANGUAGE_STANDARD = gnu99;
				GCC_DYNAMIC_NO_PIC = NO;
				GCC_OPTIMIZATION_LEVEL = 0;
				GCC_PREPROCESSOR_DEFINITIONS = (
					"DEBUG=1",
					"$(inherited)",
				);
				GCC_SYMBOLS_PRIVATE_EXTERN = NO;
				GCC_WARN_64_TO_32_BIT_CONVERSION = YES;
				GCC_WARN_ABOUT_RETURN_TYPE = YES_ERROR;
				GCC_WARN_UNDECLARED_SELECTOR = YES;
				GCC_WARN_UNINITIALIZED_AUTOS = YES_AGGRESSIVE;
				GCC_WARN_UNUSED_FUNCTION = YES;
				GCC_WARN_UNUSED_VARIABLE = YES;
				IPHONEOS_DEPLOYMENT_TARGET = 8.1;
				MTL_ENABLE_DEBUG_INFO = YES;
				ONLY_ACTIVE_ARCH = YES;
				SDKROOT = iphoneos;
				TARGETED_DEVICE_FAMILY = "1,2";
			};
			name = Debug;
		};
		F871AFED1A3F8A3800B6475A /* Release */ = {
			isa = XCBuildConfiguration;
			buildSettings = {
				ALWAYS_SEARCH_USER_PATHS = NO;
				CLANG_CXX_LANGUAGE_STANDARD = "gnu++0x";
				CLANG_CXX_LIBRARY = "libc++";
				CLANG_ENABLE_MODULES = YES;
				CLANG_ENABLE_OBJC_ARC = YES;
				CLANG_WARN_BOOL_CONVERSION = YES;
				CLANG_WARN_CONSTANT_CONVERSION = YES;
				CLANG_WARN_DIRECT_OBJC_ISA_USAGE = YES_ERROR;
				CLANG_WARN_EMPTY_BODY = YES;
				CLANG_WARN_ENUM_CONVERSION = YES;
				CLANG_WARN_INT_CONVERSION = YES;
				CLANG_WARN_OBJC_ROOT_CLASS = YES_ERROR;
				CLANG_WARN_UNREACHABLE_CODE = YES;
				CLANG_WARN__DUPLICATE_METHOD_MATCH = YES;
				"CODE_SIGN_IDENTITY[sdk=iphoneos*]" = "iPhone Developer";
				COPY_PHASE_STRIP = YES;
				ENABLE_NS_ASSERTIONS = NO;
				ENABLE_STRICT_OBJC_MSGSEND = YES;
				GCC_C_LANGUAGE_STANDARD = gnu99;
				GCC_WARN_64_TO_32_BIT_CONVERSION = YES;
				GCC_WARN_ABOUT_RETURN_TYPE = YES_ERROR;
				GCC_WARN_UNDECLARED_SELECTOR = YES;
				GCC_WARN_UNINITIALIZED_AUTOS = YES_AGGRESSIVE;
				GCC_WARN_UNUSED_FUNCTION = YES;
				GCC_WARN_UNUSED_VARIABLE = YES;
				IPHONEOS_DEPLOYMENT_TARGET = 8.1;
				MTL_ENABLE_DEBUG_INFO = NO;
				SDKROOT = iphoneos;
				TARGETED_DEVICE_FAMILY = "1,2";
				VALIDATE_PRODUCT = YES;
			};
			name = Release;
		};
		F871AFEF1A3F8A3800B6475A /* Debug */ = {
			isa = XCBuildConfiguration;
			buildSettings = {
				ASSETCATALOG_COMPILER_APPICON_NAME = AppIcon;
				INFOPLIST_FILE = Sleeper/Info.plist;
				LD_RUNPATH_SEARCH_PATHS = "$(inherited) @executable_path/Frameworks";
				PRODUCT_NAME = "$(TARGET_NAME)";
			};
			name = Debug;
		};
		F871AFF01A3F8A3800B6475A /* Release */ = {
			isa = XCBuildConfiguration;
			buildSettings = {
				ASSETCATALOG_COMPILER_APPICON_NAME = AppIcon;
				INFOPLIST_FILE = Sleeper/Info.plist;
				LD_RUNPATH_SEARCH_PATHS = "$(inherited) @executable_path/Frameworks";
				PRODUCT_NAME = "$(TARGET_NAME)";
			};
			name = Release;
		};
/* End XCBuildConfiguration section */

/* Begin XCConfigurationList section */
		F871AFC61A3F8A3800B6475A /* Build configuration list for PBXProject "Sleeper" */ = {
			isa = XCConfigurationList;
			buildConfigurations = (
				F871AFEC1A3F8A3800B6475A /* Debug */,
				F871AFED1A3F8A3800B6475A /* Release */,
			);
			defaultConfigurationIsVisible = 0;
			defaultConfigurationName = Release;
		};
		F871AFEE1A3F8A3800B6475A /* Build configuration list for PBXNativeTarget "Sleeper" */ = {
			isa = XCConfigurationList;
			buildConfigurations = (
				F871AFEF1A3F8A3800B6475A /* Debug */,
				F871AFF01A3F8A3800B6475A /* Release */,
			);
			defaultConfigurationIsVisible = 0;
			defaultConfigurationName = Release;
		};
/* End XCConfigurationList section */
	};
	rootObject = F871AFC31A3F8A3800B6475A /* Project object */;
}
